
Microsoft Visual Studio Solution File, Format Version 12.00
# Visual Studio 15
VisualStudioVersion = 15.0.27703.2035
MinimumVisualStudioVersion = 10.0.40219.1
Project("{FAE04EC0-301F-11D3-BF4B-00C04F79EFBC}") = "loading_prompt", "loading_prompt\loading_prompt.csproj", "{C6F180E2-A6CD-4B88-BAFA-31219168E497}"
EndProject
Global
	GlobalSection(SolutionConfigurationPlatforms) = preSolution
		Debug|Any CPU = Debug|Any CPU
		Release|Any CPU = Release|Any CPU
	EndGlobalSection
	GlobalSection(ProjectConfigurationPlatforms) = postSolution
		{C6F180E2-A6CD-4B88-BAFA-31219168E497}.Debug|Any CPU.ActiveCfg = Debug|Any CPU
		{C6F180E2-A6CD-4B88-BAFA-31219168E497}.Debug|Any CPU.Build.0 = Debug|Any CPU
		{C6F180E2-A6CD-4B88-BAFA-31219168E497}.Release|Any CPU.ActiveCfg = Release|Any CPU
		{C6F180E2-A6CD-4B88-BAFA-31219168E497}.Release|Any CPU.Build.0 = Release|Any CPU
	EndGlobalSection
	GlobalSection(SolutionProperties) = preSolution
		HideSolutionNode = FALSE
	EndGlobalSection
	GlobalSection(ExtensibilityGlobals) = postSolution
		SolutionGuid = {54DFC3C0-D63B-4462-AC03-1D739839D8BD}
	EndGlobalSection
EndGlobal
